// !$*UTF8*$!
{
	archiveVersion = 1;
	classes = {
	};
	objectVersion = 46;
	objects = {

/* Begin PBXBuildFile section */
		9A03F35C1B80E78300B06E1D /* main.m in Sources */ = {isa = PBXBuildFile; fileRef = 9A03F35B1B80E78300B06E1D /* main.m */; };
		9A03F35F1B80E78300B06E1D /* AppDelegate.m in Sources */ = {isa = PBXBuildFile; fileRef = 9A03F35E1B80E78300B06E1D /* AppDelegate.m */; };
		9A03F3621B80E78300B06E1D /* ViewController.m in Sources */ = {isa = PBXBuildFile; fileRef = 9A03F3611B80E78300B06E1D /* ViewController.m */; };
		9A03F3651B80E78400B06E1D /* Main.storyboard in Resources */ = {isa = PBXBuildFile; fileRef = 9A03F3631B80E78400B06E1D /* Main.storyboard */; };
		9A03F3671B80E78400B06E1D /* Assets.xcassets in Resources */ = {isa = PBXBuildFile; fileRef = 9A03F3661B80E78400B06E1D /* Assets.xcassets */; };
		9A03F36A1B80E78400B06E1D /* LaunchScreen.storyboard in Resources */ = {isa = PBXBuildFile; fileRef = 9A03F3681B80E78400B06E1D /* LaunchScreen.storyboard */; };
		9A03F3751B80E78400B06E1D /* SetListTests.m in Sources */ = {isa = PBXBuildFile; fileRef = 9A03F3741B80E78400B06E1D /* SetListTests.m */; };
		9A03F3801B80E78400B06E1D /* SetListUITests.m in Sources */ = {isa = PBXBuildFile; fileRef = 9A03F37F1B80E78400B06E1D /* SetListUITests.m */; };
/* End PBXBuildFile section */

/* Begin PBXContainerItemProxy section */
		9A03F3711B80E78400B06E1D /* PBXContainerItemProxy */ = {
			isa = PBXContainerItemProxy;
			containerPortal = 9A03F34F1B80E78300B06E1D /* Project object */;
			proxyType = 1;
			remoteGlobalIDString = 9A03F3561B80E78300B06E1D;
			remoteInfo = SetList;
		};
		9A03F37C1B80E78400B06E1D /* PBXContainerItemProxy */ = {
			isa = PBXContainerItemProxy;
			containerPortal = 9A03F34F1B80E78300B06E1D /* Project object */;
			proxyType = 1;
			remoteGlobalIDString = 9A03F3561B80E78300B06E1D;
			remoteInfo = SetList;
		};
/* End PBXContainerItemProxy section */

/* Begin PBXFileReference section */
		9A03F3571B80E78300B06E1D /* SetList.app */ = {isa = PBXFileReference; explicitFileType = wrapper.application; includeInIndex = 0; path = SetList.app; sourceTree = BUILT_PRODUCTS_DIR; };
		9A03F35B1B80E78300B06E1D /* main.m */ = {isa = PBXFileReference; lastKnownFileType = sourcecode.c.objc; path = main.m; sourceTree = "<group>"; };
		9A03F35D1B80E78300B06E1D /* AppDelegate.h */ = {isa = PBXFileReference; lastKnownFileType = sourcecode.c.h; path = AppDelegate.h; sourceTree = "<group>"; };
		9A03F35E1B80E78300B06E1D /* AppDelegate.m */ = {isa = PBXFileReference; lastKnownFileType = sourcecode.c.objc; path = AppDelegate.m; sourceTree = "<group>"; };
		9A03F3601B80E78300B06E1D /* ViewController.h */ = {isa = PBXFileReference; lastKnownFileType = sourcecode.c.h; path = ViewController.h; sourceTree = "<group>"; };
		9A03F3611B80E78300B06E1D /* ViewController.m */ = {isa = PBXFileReference; lastKnownFileType = sourcecode.c.objc; path = ViewController.m; sourceTree = "<group>"; };
		9A03F3641B80E78400B06E1D /* Base */ = {isa = PBXFileReference; lastKnownFileType = file.storyboard; name = Base; path = Base.lproj/Main.storyboard; sourceTree = "<group>"; };
		9A03F3661B80E78400B06E1D /* Assets.xcassets */ = {isa = PBXFileReference; lastKnownFileType = folder.assetcatalog; path = Assets.xcassets; sourceTree = "<group>"; };
		9A03F3691B80E78400B06E1D /* Base */ = {isa = PBXFileReference; lastKnownFileType = file.storyboard; name = Base; path = Base.lproj/LaunchScreen.storyboard; sourceTree = "<group>"; };
		9A03F36B1B80E78400B06E1D /* Info.plist */ = {isa = PBXFileReference; lastKnownFileType = text.plist.xml; path = Info.plist; sourceTree = "<group>"; };
		9A03F3701B80E78400B06E1D /* SetListTests.xctest */ = {isa = PBXFileReference; explicitFileType = wrapper.cfbundle; includeInIndex = 0; path = SetListTests.xctest; sourceTree = BUILT_PRODUCTS_DIR; };
		9A03F3741B80E78400B06E1D /* SetListTests.m */ = {isa = PBXFileReference; lastKnownFileType = sourcecode.c.objc; path = SetListTests.m; sourceTree = "<group>"; };
		9A03F3761B80E78400B06E1D /* Info.plist */ = {isa = PBXFileReference; lastKnownFileType = text.plist.xml; path = Info.plist; sourceTree = "<group>"; };
		9A03F37B1B80E78400B06E1D /* SetListUITests.xctest */ = {isa = PBXFileReference; explicitFileType = wrapper.cfbundle; includeInIndex = 0; path = SetListUITests.xctest; sourceTree = BUILT_PRODUCTS_DIR; };
		9A03F37F1B80E78400B06E1D /* SetListUITests.m */ = {isa = PBXFileReference; lastKnownFileType = sourcecode.c.objc; path = SetListUITests.m; sourceTree = "<group>"; };
		9A03F3811B80E78400B06E1D /* Info.plist */ = {isa = PBXFileReference; lastKnownFileType = text.plist.xml; path = Info.plist; sourceTree = "<group>"; };
/* End PBXFileReference section */

/* Begin PBXFrameworksBuildPhase section */
		9A03F3541B80E78300B06E1D /* Frameworks */ = {
			isa = PBXFrameworksBuildPhase;
			buildActionMask = 2147483647;
			files = (
			);
			runOnlyForDeploymentPostprocessing = 0;
		};
		9A03F36D1B80E78400B06E1D /* Frameworks */ = {
			isa = PBXFrameworksBuildPhase;
			buildActionMask = 2147483647;
			files = (
			);
			runOnlyForDeploymentPostprocessing = 0;
		};
		9A03F3781B80E78400B06E1D /* Frameworks */ = {
			isa = PBXFrameworksBuildPhase;
			buildActionMask = 2147483647;
			files = (
			);
			runOnlyForDeploymentPostprocessing = 0;
		};
/* End PBXFrameworksBuildPhase section */

/* Begin PBXGroup section */
		9A03F34E1B80E78300B06E1D = {
			isa = PBXGroup;
			children = (
				9A03F3591B80E78300B06E1D /* SetList */,
				9A03F3731B80E78400B06E1D /* SetListTests */,
				9A03F37E1B80E78400B06E1D /* SetListUITests */,
				9A03F3581B80E78300B06E1D /* Products */,
			);
			sourceTree = "<group>";
		};
		9A03F3581B80E78300B06E1D /* Products */ = {
			isa = PBXGroup;
			children = (
				9A03F3571B80E78300B06E1D /* SetList.app */,
				9A03F3701B80E78400B06E1D /* SetListTests.xctest */,
				9A03F37B1B80E78400B06E1D /* SetListUITests.xctest */,
			);
			name = Products;
			sourceTree = "<group>";
		};
		9A03F3591B80E78300B06E1D /* SetList */ = {
			isa = PBXGroup;
			children = (
				9A03F35D1B80E78300B06E1D /* AppDelegate.h */,
				9A03F35E1B80E78300B06E1D /* AppDelegate.m */,
				9A03F3601B80E78300B06E1D /* ViewController.h */,
				9A03F3611B80E78300B06E1D /* ViewController.m */,
				9A03F3631B80E78400B06E1D /* Main.storyboard */,
				9A03F3661B80E78400B06E1D /* Assets.xcassets */,
				9A03F3681B80E78400B06E1D /* LaunchScreen.storyboard */,
				9A03F36B1B80E78400B06E1D /* Info.plist */,
				9A03F35A1B80E78300B06E1D /* Supporting Files */,
			);
			path = SetList;
			sourceTree = "<group>";
		};
		9A03F35A1B80E78300B06E1D /* Supporting Files */ = {
			isa = PBXGroup;
			children = (
				9A03F35B1B80E78300B06E1D /* main.m */,
			);
			name = "Supporting Files";
			sourceTree = "<group>";
		};
		9A03F3731B80E78400B06E1D /* SetListTests */ = {
			isa = PBXGroup;
			children = (
				9A03F3741B80E78400B06E1D /* SetListTests.m */,
				9A03F3761B80E78400B06E1D /* Info.plist */,
			);
			path = SetListTests;
			sourceTree = "<group>";
		};
		9A03F37E1B80E78400B06E1D /* SetListUITests */ = {
			isa = PBXGroup;
			children = (
				9A03F37F1B80E78400B06E1D /* SetListUITests.m */,
				9A03F3811B80E78400B06E1D /* Info.plist */,
			);
			path = SetListUITests;
			sourceTree = "<group>";
		};
/* End PBXGroup section */

/* Begin PBXNativeTarget section */
		9A03F3561B80E78300B06E1D /* SetList */ = {
			isa = PBXNativeTarget;
			buildConfigurationList = 9A03F3841B80E78400B06E1D /* Build configuration list for PBXNativeTarget "SetList" */;
			buildPhases = (
				9A03F3531B80E78300B06E1D /* Sources */,
				9A03F3541B80E78300B06E1D /* Frameworks */,
				9A03F3551B80E78300B06E1D /* Resources */,
			);
			buildRules = (
			);
			dependencies = (
			);
			name = SetList;
			productName = SetList;
			productReference = 9A03F3571B80E78300B06E1D /* SetList.app */;
			productType = "com.apple.product-type.application";
		};
		9A03F36F1B80E78400B06E1D /* SetListTests */ = {
			isa = PBXNativeTarget;
			buildConfigurationList = 9A03F3871B80E78400B06E1D /* Build configuration list for PBXNativeTarget "SetListTests" */;
			buildPhases = (
				9A03F36C1B80E78400B06E1D /* Sources */,
				9A03F36D1B80E78400B06E1D /* Frameworks */,
				9A03F36E1B80E78400B06E1D /* Resources */,
			);
			buildRules = (
			);
			dependencies = (
				9A03F3721B80E78400B06E1D /* PBXTargetDependency */,
			);
			name = SetListTests;
			productName = SetListTests;
			productReference = 9A03F3701B80E78400B06E1D /* SetListTests.xctest */;
			productType = "com.apple.product-type.bundle.unit-test";
		};
		9A03F37A1B80E78400B06E1D /* SetListUITests */ = {
			isa = PBXNativeTarget;
			buildConfigurationList = 9A03F38A1B80E78400B06E1D /* Build configuration list for PBXNativeTarget "SetListUITests" */;
			buildPhases = (
				9A03F3771B80E78400B06E1D /* Sources */,
				9A03F3781B80E78400B06E1D /* Frameworks */,
				9A03F3791B80E78400B06E1D /* Resources */,
			);
			buildRules = (
			);
			dependencies = (
				9A03F37D1B80E78400B06E1D /* PBXTargetDependency */,
			);
			name = SetListUITests;
			productName = SetListUITests;
			productReference = 9A03F37B1B80E78400B06E1D /* SetListUITests.xctest */;
			productType = "com.apple.product-type.bundle.ui-testing";
		};
/* End PBXNativeTarget section */

/* Begin PBXProject section */
		9A03F34F1B80E78300B06E1D /* Project object */ = {
			isa = PBXProject;
			attributes = {
				LastUpgradeCheck = 0700;
				ORGANIZATIONNAME = "Jamaal Sedayao";
				TargetAttributes = {
					9A03F3561B80E78300B06E1D = {
						CreatedOnToolsVersion = 7.0;
					};
					9A03F36F1B80E78400B06E1D = {
						CreatedOnToolsVersion = 7.0;
						TestTargetID = 9A03F3561B80E78300B06E1D;
					};
					9A03F37A1B80E78400B06E1D = {
						CreatedOnToolsVersion = 7.0;
						TestTargetID = 9A03F3561B80E78300B06E1D;
					};
				};
			};
			buildConfigurationList = 9A03F3521B80E78300B06E1D /* Build configuration list for PBXProject "SetList" */;
			compatibilityVersion = "Xcode 3.2";
			developmentRegion = English;
			hasScannedForEncodings = 0;
			knownRegions = (
				en,
				Base,
			);
			mainGroup = 9A03F34E1B80E78300B06E1D;
			productRefGroup = 9A03F3581B80E78300B06E1D /* Products */;
			projectDirPath = "";
			projectRoot = "";
			targets = (
				9A03F3561B80E78300B06E1D /* SetList */,
				9A03F36F1B80E78400B06E1D /* SetListTests */,
				9A03F37A1B80E78400B06E1D /* SetListUITests */,
			);
		};
/* End PBXProject section */

/* Begin PBXResourcesBuildPhase section */
		9A03F3551B80E78300B06E1D /* Resources */ = {
			isa = PBXResourcesBuildPhase;
			buildActionMask = 2147483647;
			files = (
				9A03F36A1B80E78400B06E1D /* LaunchScreen.storyboard in Resources */,
				9A03F3671B80E78400B06E1D /* Assets.xcassets in Resources */,
				9A03F3651B80E78400B06E1D /* Main.storyboard in Resources */,
			);
			runOnlyForDeploymentPostprocessing = 0;
		};
		9A03F36E1B80E78400B06E1D /* Resources */ = {
			isa = PBXResourcesBuildPhase;
			buildActionMask = 2147483647;
			files = (
			);
			runOnlyForDeploymentPostprocessing = 0;
		};
		9A03F3791B80E78400B06E1D /* Resources */ = {
			isa = PBXResourcesBuildPhase;
			buildActionMask = 2147483647;
			files = (
			);
			runOnlyForDeploymentPostprocessing = 0;
		};
/* End PBXResourcesBuildPhase section */

/* Begin PBXSourcesBuildPhase section */
		9A03F3531B80E78300B06E1D /* Sources */ = {
			isa = PBXSourcesBuildPhase;
			buildActionMask = 2147483647;
			files = (
				9A03F3621B80E78300B06E1D /* ViewController.m in Sources */,
				9A03F35F1B80E78300B06E1D /* AppDelegate.m in Sources */,
				9A03F35C1B80E78300B06E1D /* main.m in Sources */,
			);
			runOnlyForDeploymentPostprocessing = 0;
		};
		9A03F36C1B80E78400B06E1D /* Sources */ = {
			isa = PBXSourcesBuildPhase;
			buildActionMask = 2147483647;
			files = (
				9A03F3751B80E78400B06E1D /* SetListTests.m in Sources */,
			);
			runOnlyForDeploymentPostprocessing = 0;
		};
		9A03F3771B80E78400B06E1D /* Sources */ = {
			isa = PBXSourcesBuildPhase;
			buildActionMask = 2147483647;
			files = (
				9A03F3801B80E78400B06E1D /* SetListUITests.m in Sources */,
			);
			runOnlyForDeploymentPostprocessing = 0;
		};
/* End PBXSourcesBuildPhase section */

/* Begin PBXTargetDependency section */
		9A03F3721B80E78400B06E1D /* PBXTargetDependency */ = {
			isa = PBXTargetDependency;
			target = 9A03F3561B80E78300B06E1D /* SetList */;
			targetProxy = 9A03F3711B80E78400B06E1D /* PBXContainerItemProxy */;
		};
		9A03F37D1B80E78400B06E1D /* PBXTargetDependency */ = {
			isa = PBXTargetDependency;
			target = 9A03F3561B80E78300B06E1D /* SetList */;
			targetProxy = 9A03F37C1B80E78400B06E1D /* PBXContainerItemProxy */;
		};
/* End PBXTargetDependency section */

/* Begin PBXVariantGroup section */
		9A03F3631B80E78400B06E1D /* Main.storyboard */ = {
			isa = PBXVariantGroup;
			children = (
				9A03F3641B80E78400B06E1D /* Base */,
			);
			name = Main.storyboard;
			sourceTree = "<group>";
		};
		9A03F3681B80E78400B06E1D /* LaunchScreen.storyboard */ = {
			isa = PBXVariantGroup;
			children = (
				9A03F3691B80E78400B06E1D /* Base */,
			);
			name = LaunchScreen.storyboard;
			sourceTree = "<group>";
		};
/* End PBXVariantGroup section */

/* Begin XCBuildConfiguration section */
		9A03F3821B80E78400B06E1D /* Debug */ = {
			isa = XCBuildConfiguration;
			buildSettings = {
				ALWAYS_SEARCH_USER_PATHS = NO;
				CLANG_CXX_LANGUAGE_STANDARD = "gnu++0x";
				CLANG_CXX_LIBRARY = "libc++";
				CLANG_ENABLE_MODULES = YES;
				CLANG_ENABLE_OBJC_ARC = YES;
				CLANG_WARN_BOOL_CONVERSION = YES;
				CLANG_WARN_CONSTANT_CONVERSION = YES;
				CLANG_WARN_DIRECT_OBJC_ISA_USAGE = YES_ERROR;
				CLANG_WARN_EMPTY_BODY = YES;
				CLANG_WARN_ENUM_CONVERSION = YES;
				CLANG_WARN_INT_CONVERSION = YES;
				CLANG_WARN_OBJC_ROOT_CLASS = YES_ERROR;
				CLANG_WARN_UNREACHABLE_CODE = YES;
				CLANG_WARN__DUPLICATE_METHOD_MATCH = YES;
				"CODE_SIGN_IDENTITY[sdk=iphoneos*]" = "iPhone Developer";
				COPY_PHASE_STRIP = NO;
				DEBUG_INFORMATION_FORMAT = dwarf;
				ENABLE_STRICT_OBJC_MSGSEND = YES;
				ENABLE_TESTABILITY = YES;
				GCC_C_LANGUAGE_STANDARD = gnu99;
				GCC_DYNAMIC_NO_PIC = NO;
				GCC_NO_COMMON_BLOCKS = YES;
				GCC_OPTIMIZATION_LEVEL = 0;
				GCC_PREPROCESSOR_DEFINITIONS = (
					"DEBUG=1",
					"$(inherited)",
				);
				GCC_WARN_64_TO_32_BIT_CONVERSION = YES;
				GCC_WARN_ABOUT_RETURN_TYPE = YES_ERROR;
				GCC_WARN_UNDECLARED_SELECTOR = YES;
				GCC_WARN_UNINITIALIZED_AUTOS = YES_AGGRESSIVE;
				GCC_WARN_UNUSED_FUNCTION = YES;
				GCC_WARN_UNUSED_VARIABLE = YES;
				IPHONEOS_DEPLOYMENT_TARGET = 9.0;
				MTL_ENABLE_DEBUG_INFO = YES;
				ONLY_ACTIVE_ARCH = YES;
				SDKROOT = iphoneos;
				TARGETED_DEVICE_FAMILY = "1,2";
			};
			name = Debug;
		};
		9A03F3831B80E78400B06E1D /* Release */ = {
			isa = XCBuildConfiguration;
			buildSettings = {
				ALWAYS_SEARCH_USER_PATHS = NO;
				CLANG_CXX_LANGUAGE_STANDARD = "gnu++0x";
				CLANG_CXX_LIBRARY = "libc++";
				CLANG_ENABLE_MODULES = YES;
				CLANG_ENABLE_OBJC_ARC = YES;
				CLANG_WARN_BOOL_CONVERSION = YES;
				CLANG_WARN_CONSTANT_CONVERSION = YES;
				CLANG_WARN_DIRECT_OBJC_ISA_USAGE = YES_ERROR;
				CLANG_WARN_EMPTY_BODY = YES;
				CLANG_WARN_ENUM_CONVERSION = YES;
				CLANG_WARN_INT_CONVERSION = YES;
				CLANG_WARN_OBJC_ROOT_CLASS = YES_ERROR;
				CLANG_WARN_UNREACHABLE_CODE = YES;
				CLANG_WARN__DUPLICATE_METHOD_MATCH = YES;
				"CODE_SIGN_IDENTITY[sdk=iphoneos*]" = "iPhone Developer";
				COPY_PHASE_STRIP = NO;
				DEBUG_INFORMATION_FORMAT = "dwarf-with-dsym";
				ENABLE_NS_ASSERTIONS = NO;
				ENABLE_STRICT_OBJC_MSGSEND = YES;
				GCC_C_LANGUAGE_STANDARD = gnu99;
				GCC_NO_COMMON_BLOCKS = YES;
				GCC_WARN_64_TO_32_BIT_CONVERSION = YES;
				GCC_WARN_ABOUT_RETURN_TYPE = YES_ERROR;
				GCC_WARN_UNDECLARED_SELECTOR = YES;
				GCC_WARN_UNINITIALIZED_AUTOS = YES_AGGRESSIVE;
				GCC_WARN_UNUSED_FUNCTION = YES;
				GCC_WARN_UNUSED_VARIABLE = YES;
				IPHONEOS_DEPLOYMENT_TARGET = 9.0;
				MTL_ENABLE_DEBUG_INFO = NO;
				SDKROOT = iphoneos;
				TARGETED_DEVICE_FAMILY = "1,2";
				VALIDATE_PRODUCT = YES;
			};
			name = Release;
		};
		9A03F3851B80E78400B06E1D /* Debug */ = {
			isa = XCBuildConfiguration;
			buildSettings = {
				ASSETCATALOG_COMPILER_APPICON_NAME = AppIcon;
				INFOPLIST_FILE = SetList/Info.plist;
				LD_RUNPATH_SEARCH_PATHS = "$(inherited) @executable_path/Frameworks";
				PRODUCT_BUNDLE_IDENTIFIER = com.jamaalsedayao.SetList;
				PRODUCT_NAME = "$(TARGET_NAME)";
			};
			name = Debug;
		};
		9A03F3861B80E78400B06E1D /* Release */ = {
			isa = XCBuildConfiguration;
			buildSettings = {
				ASSETCATALOG_COMPILER_APPICON_NAME = AppIcon;
				INFOPLIST_FILE = SetList/Info.plist;
				LD_RUNPATH_SEARCH_PATHS = "$(inherited) @executable_path/Frameworks";
				PRODUCT_BUNDLE_IDENTIFIER = com.jamaalsedayao.SetList;
				PRODUCT_NAME = "$(TARGET_NAME)";
			};
			name = Release;
		};
		9A03F3881B80E78400B06E1D /* Debug */ = {
			isa = XCBuildConfiguration;
			buildSettings = {
				BUNDLE_LOADER = "$(TEST_HOST)";
				INFOPLIST_FILE = SetListTests/Info.plist;
				LD_RUNPATH_SEARCH_PATHS = "$(inherited) @executable_path/Frameworks @loader_path/Frameworks";
				PRODUCT_BUNDLE_IDENTIFIER = com.jamaalsedayao.SetListTests;
				PRODUCT_NAME = "$(TARGET_NAME)";
				TEST_HOST = "$(BUILT_PRODUCTS_DIR)/SetList.app/SetList";
			};
			name = Debug;
		};
		9A03F3891B80E78400B06E1D /* Release */ = {
			isa = XCBuildConfiguration;
			buildSettings = {
				BUNDLE_LOADER = "$(TEST_HOST)";
				INFOPLIST_FILE = SetListTests/Info.plist;
				LD_RUNPATH_SEARCH_PATHS = "$(inherited) @executable_path/Frameworks @loader_path/Frameworks";
				PRODUCT_BUNDLE_IDENTIFIER = com.jamaalsedayao.SetListTests;
				PRODUCT_NAME = "$(TARGET_NAME)";
				TEST_HOST = "$(BUILT_PRODUCTS_DIR)/SetList.app/SetList";
			};
			name = Release;
		};
		9A03F38B1B80E78400B06E1D /* Debug */ = {
			isa = XCBuildConfiguration;
			buildSettings = {
				INFOPLIST_FILE = SetListUITests/Info.plist;
				LD_RUNPATH_SEARCH_PATHS = "$(inherited) @executable_path/Frameworks @loader_path/Frameworks";
				PRODUCT_BUNDLE_IDENTIFIER = com.jamaalsedayao.SetListUITests;
				PRODUCT_NAME = "$(TARGET_NAME)";
				TEST_TARGET_NAME = SetList;
				USES_XCTRUNNER = YES;
			};
			name = Debug;
		};
		9A03F38C1B80E78400B06E1D /* Release */ = {
			isa = XCBuildConfiguration;
			buildSettings = {
				INFOPLIST_FILE = SetListUITests/Info.plist;
				LD_RUNPATH_SEARCH_PATHS = "$(inherited) @executable_path/Frameworks @loader_path/Frameworks";
				PRODUCT_BUNDLE_IDENTIFIER = com.jamaalsedayao.SetListUITests;
				PRODUCT_NAME = "$(TARGET_NAME)";
				TEST_TARGET_NAME = SetList;
				USES_XCTRUNNER = YES;
			};
			name = Release;
		};
/* End XCBuildConfiguration section */

/* Begin XCConfigurationList section */
		9A03F3521B80E78300B06E1D /* Build configuration list for PBXProject "SetList" */ = {
			isa = XCConfigurationList;
			buildConfigurations = (
				9A03F3821B80E78400B06E1D /* Debug */,
				9A03F3831B80E78400B06E1D /* Release */,
			);
			defaultConfigurationIsVisible = 0;
			defaultConfigurationName = Release;
		};
		9A03F3841B80E78400B06E1D /* Build configuration list for PBXNativeTarget "SetList" */ = {
			isa = XCConfigurationList;
			buildConfigurations = (
				9A03F3851B80E78400B06E1D /* Debug */,
				9A03F3861B80E78400B06E1D /* Release */,
			);
			defaultConfigurationIsVisible = 0;
		};
		9A03F3871B80E78400B06E1D /* Build configuration list for PBXNativeTarget "SetListTests" */ = {
			isa = XCConfigurationList;
			buildConfigurations = (
				9A03F3881B80E78400B06E1D /* Debug */,
				9A03F3891B80E78400B06E1D /* Release */,
			);
			defaultConfigurationIsVisible = 0;
		};
		9A03F38A1B80E78400B06E1D /* Build configuration list for PBXNativeTarget "SetListUITests" */ = {
			isa = XCConfigurationList;
			buildConfigurations = (
				9A03F38B1B80E78400B06E1D /* Debug */,
				9A03F38C1B80E78400B06E1D /* Release */,
			);
			defaultConfigurationIsVisible = 0;
		};
/* End XCConfigurationList section */
	};
	rootObject = 9A03F34F1B80E78300B06E1D /* Project object */;
}
